
Microsoft Visual Studio Solution File, Format Version 12.00
# Visual Studio 15
VisualStudioVersion = 15.0.28010.2036
MinimumVisualStudioVersion = 10.0.40219.1
Project("{FAE04EC0-301F-11D3-BF4B-00C04F79EFBC}") = "PoroQueueWindow", "PoroQueueWindow\PoroQueueWindow.csproj", "{29B5F59E-9D1B-4328-A524-B5B4A82D78F8}"
EndProject
Project("{FAE04EC0-301F-11D3-BF4B-00C04F79EFBC}") = "PoroQueue", "PoroQueue\PoroQueue.csproj", "{74CA1973-1A91-424A-BF6D-D2CA968B8F14}"
EndProject
Global
	GlobalSection(SolutionConfigurationPlatforms) = preSolution
		Debug|Any CPU = Debug|Any CPU
		Release|Any CPU = Release|Any CPU
	EndGlobalSection
	GlobalSection(ProjectConfigurationPlatforms) = postSolution
		{29B5F59E-9D1B-4328-A524-B5B4A82D78F8}.Debug|Any CPU.ActiveCfg = Debug|Any CPU
		{29B5F59E-9D1B-4328-A524-B5B4A82D78F8}.Debug|Any CPU.Build.0 = Debug|Any CPU
		{29B5F59E-9D1B-4328-A524-B5B4A82D78F8}.Release|Any CPU.ActiveCfg = Release|Any CPU
		{29B5F59E-9D1B-4328-A524-B5B4A82D78F8}.Release|Any CPU.Build.0 = Release|Any CPU
		{74CA1973-1A91-424A-BF6D-D2CA968B8F14}.Debug|Any CPU.ActiveCfg = Debug|Any CPU
		{74CA1973-1A91-424A-BF6D-D2CA968B8F14}.Debug|Any CPU.Build.0 = Debug|Any CPU
		{74CA1973-1A91-424A-BF6D-D2CA968B8F14}.Release|Any CPU.ActiveCfg = Release|Any CPU
		{74CA1973-1A91-424A-BF6D-D2CA968B8F14}.Release|Any CPU.Build.0 = Release|Any CPU
	EndGlobalSection
	GlobalSection(SolutionProperties) = preSolution
		HideSolutionNode = FALSE
	EndGlobalSection
	GlobalSection(ExtensibilityGlobals) = postSolution
		SolutionGuid = {EE7DAF04-B2B1-413D-8C01-EA09FDF9184C}
	EndGlobalSection
EndGlobal
